
Microsoft Visual Studio Solution File, Format Version 12.00
# Visual Studio Version 17
VisualStudioVersion = 17.9.34622.214
MinimumVisualStudioVersion = 10.0.40219.1
Project("{FAE04EC0-301F-11D3-BF4B-00C04F79EFBC}") = "Naranjas", "Naranjas.csproj", "{772E13AC-556D-4A0B-B18C-1DFD1FAA42D3}"
EndProject
Global
	GlobalSection(SolutionConfigurationPlatforms) = preSolution
		Debug|Any CPU = Debug|Any CPU
		Release|Any CPU = Release|Any CPU
	EndGlobalSection
	GlobalSection(ProjectConfigurationPlatforms) = postSolution
		{772E13AC-556D-4A0B-B18C-1DFD1FAA42D3}.Debug|Any CPU.ActiveCfg = Debug|Any CPU
		{772E13AC-556D-4A0B-B18C-1DFD1FAA42D3}.Debug|Any CPU.Build.0 = Debug|Any CPU
		{772E13AC-556D-4A0B-B18C-1DFD1FAA42D3}.Release|Any CPU.ActiveCfg = Release|Any CPU
		{772E13AC-556D-4A0B-B18C-1DFD1FAA42D3}.Release|Any CPU.Build.0 = Release|Any CPU
	EndGlobalSection
	GlobalSection(SolutionProperties) = preSolution
		HideSolutionNode = FALSE
	EndGlobalSection
	GlobalSection(ExtensibilityGlobals) = postSolution
		SolutionGuid = {489A90B8-F779-4FE4-B635-360113C0582D}
	EndGlobalSection
EndGlobal
